
Microsoft Visual Studio Solution File, Format Version 12.00
# Visual Studio Version 17
VisualStudioVersion = 17.8.34330.188
MinimumVisualStudioVersion = 10.0.40219.1
Project("{FAE04EC0-301F-11D3-BF4B-00C04F79EFBC}") = "SportManagementSystem", "SportManagementSystem\SportManagementSystem.csproj", "{8C51E4A0-DA4C-4C08-A817-70359A286893}"
EndProject
Global
	GlobalSection(SolutionConfigurationPlatforms) = preSolution
		Debug|Any CPU = Debug|Any CPU
		Release|Any CPU = Release|Any CPU
	EndGlobalSection
	GlobalSection(ProjectConfigurationPlatforms) = postSolution
		{8C51E4A0-DA4C-4C08-A817-70359A286893}.Debug|Any CPU.ActiveCfg = Debug|Any CPU
		{8C51E4A0-DA4C-4C08-A817-70359A286893}.Debug|Any CPU.Build.0 = Debug|Any CPU
		{8C51E4A0-DA4C-4C08-A817-70359A286893}.Release|Any CPU.ActiveCfg = Release|Any CPU
		{8C51E4A0-DA4C-4C08-A817-70359A286893}.Release|Any CPU.Build.0 = Release|Any CPU
	EndGlobalSection
	GlobalSection(SolutionProperties) = preSolution
		HideSolutionNode = FALSE
	EndGlobalSection
	GlobalSection(ExtensibilityGlobals) = postSolution
		SolutionGuid = {2800A0C3-F0EE-4C3D-9E88-062256403651}
	EndGlobalSection
EndGlobal
